%{"exactor": {:git, "https://github.com/sasa1977/exactor.git", "0467f8100bc735405d597dbf94996195eb31e0b6", [tag: "0467f8100bc735405d597dbf94996195eb31e0b6"]},
  "extask": {:git, "https://github.com/timCF/extask.git", "691cc1a515750bead8b81ed6c13cddbcf115d754", []},
  "hashex": {:git, "https://github.com/timCF/hashex", "d10a5f3e724e7be016c9ff7420ef5eb3780c3dae", []}}
